
Microsoft Visual Studio Solution File, Format Version 12.00
# Visual Studio Version 17
VisualStudioVersion = 17.8.34330.188
MinimumVisualStudioVersion = 10.0.40219.1
Project("{FAE04EC0-301F-11D3-BF4B-00C04F79EFBC}") = "LibraryBlazor", "LibraryBlazor\LibraryBlazor.csproj", "{D58B33A6-E4A6-43ED-B3EF-5C61A2CCC92F}"
EndProject
Global
	GlobalSection(SolutionConfigurationPlatforms) = preSolution
		Debug|Any CPU = Debug|Any CPU
		Release|Any CPU = Release|Any CPU
	EndGlobalSection
	GlobalSection(ProjectConfigurationPlatforms) = postSolution
		{D58B33A6-E4A6-43ED-B3EF-5C61A2CCC92F}.Debug|Any CPU.ActiveCfg = Debug|Any CPU
		{D58B33A6-E4A6-43ED-B3EF-5C61A2CCC92F}.Debug|Any CPU.Build.0 = Debug|Any CPU
		{D58B33A6-E4A6-43ED-B3EF-5C61A2CCC92F}.Release|Any CPU.ActiveCfg = Release|Any CPU
		{D58B33A6-E4A6-43ED-B3EF-5C61A2CCC92F}.Release|Any CPU.Build.0 = Release|Any CPU
	EndGlobalSection
	GlobalSection(SolutionProperties) = preSolution
		HideSolutionNode = FALSE
	EndGlobalSection
	GlobalSection(ExtensibilityGlobals) = postSolution
		SolutionGuid = {56F2DE70-CF8C-4B34-83F4-A9C938D92336}
	EndGlobalSection
EndGlobal
